{
  "name": "product-trial-master",
  "lockfileVersion": 3,
  "requires": true,
  "packages": {
    "": {
      "dependencies": {
        "primeicons": "^7.0.0",
        "primeng": "^19.0.10"
      }
    },
    "node_modules/@angular/animations": {
      "version": "19.2.3",
      "resolved": "https://registry.npmjs.org/@angular/animations/-/animations-19.2.3.tgz",
      "integrity": "sha512-HQexOmwEJFX3sHLspOCi7dVOdPW5Ad4jH6tJsf+zABkF0GjgIVf4jewe1uE5ZLKgoflr9f9vpcpy39IWl00kWw==",
      "peer": true,
      "dependencies": {
        "tslib": "^2.3.0"
      },
      "engines": {
        "node": "^18.19.1 || ^20.11.1 || >=22.0.0"
      },
      "peerDependencies": {
        "@angular/core": "19.2.3"
      }
    },
    "node_modules/@angular/cdk": {
      "version": "19.2.7",
      "resolved": "https://registry.npmjs.org/@angular/cdk/-/cdk-19.2.7.tgz",
      "integrity": "sha512-+Dx1WGEWMO3OYDKr2w/Z5xOCsdjkRuG7Z18ve8eeBOHayRaC0KbYoXkvPxUiJo233CJWEzKQ/qF13C54GGWnng==",
      "peer": true,
      "dependencies": {
        "parse5": "^7.1.2",
        "tslib": "^2.3.0"
      },
      "peerDependencies": {
        "@angular/common": "^19.0.0 || ^20.0.0",
        "@angular/core": "^19.0.0 || ^20.0.0",
        "rxjs": "^6.5.3 || ^7.4.0"
      }
    },
    "node_modules/@angular/common": {
      "version": "19.2.3",
      "resolved": "https://registry.npmjs.org/@angular/common/-/common-19.2.3.tgz",
      "integrity": "sha512-cYOMRXFb6Sjtg9BI3bE/Ave+xU234jQmHYj7hBxr3MiqRSVJL4niy10KiA/Jiz6y76V5QfZfS+0aE65VuoqAvg==",
      "peer": true,
      "dependencies": {
        "tslib": "^2.3.0"
      },
      "engines": {
        "node": "^18.19.1 || ^20.11.1 || >=22.0.0"
      },
      "peerDependencies": {
        "@angular/core": "19.2.3",
        "rxjs": "^6.5.3 || ^7.4.0"
      }
    },
    "node_modules/@angular/core": {
      "version": "19.2.3",
      "resolved": "https://registry.npmjs.org/@angular/core/-/core-19.2.3.tgz",
      "integrity": "sha512-uNDbQBDWdAfL8JhgG2l9eTEbikovZ+SthLUKERyR4fL7AVGSx85LjNySRuq4WAL4eiD1cRN1UUgu8o+WKqF/ow==",
      "peer": true,
      "dependencies": {
        "tslib": "^2.3.0"
      },
      "engines": {
        "node": "^18.19.1 || ^20.11.1 || >=22.0.0"
      },
      "peerDependencies": {
        "rxjs": "^6.5.3 || ^7.4.0",
        "zone.js": "~0.15.0"
      }
    },
    "node_modules/@angular/forms": {
      "version": "19.2.3",
      "resolved": "https://registry.npmjs.org/@angular/forms/-/forms-19.2.3.tgz",
      "integrity": "sha512-JEgNKiZd3taYBg9lsMvoana5cv1QGke8xkuryc9zesHPJjhw9QHllmDPOW2HyUuwPqXZ/YkHiuCMOk+4qPjsAw==",
      "peer": true,
      "dependencies": {
        "tslib": "^2.3.0"
      },
      "engines": {
        "node": "^18.19.1 || ^20.11.1 || >=22.0.0"
      },
      "peerDependencies": {
        "@angular/common": "19.2.3",
        "@angular/core": "19.2.3",
        "@angular/platform-browser": "19.2.3",
        "rxjs": "^6.5.3 || ^7.4.0"
      }
    },
    "node_modules/@angular/platform-browser": {
      "version": "19.2.3",
      "resolved": "https://registry.npmjs.org/@angular/platform-browser/-/platform-browser-19.2.3.tgz",
      "integrity": "sha512-bz5mvUkCS8SxaMInjPgi/2dD7vpWkZePQesvr/bBRNQbYSE4cGTbovXcVl3X5hIxs5JoC6Het0lS2IxDq7j6qg==",
      "peer": true,
      "dependencies": {
        "tslib": "^2.3.0"
      },
      "engines": {
        "node": "^18.19.1 || ^20.11.1 || >=22.0.0"
      },
      "peerDependencies": {
        "@angular/animations": "19.2.3",
        "@angular/common": "19.2.3",
        "@angular/core": "19.2.3"
      },
      "peerDependenciesMeta": {
        "@angular/animations": {
          "optional": true
        }
      }
    },
    "node_modules/@angular/router": {
      "version": "19.2.3",
      "resolved": "https://registry.npmjs.org/@angular/router/-/router-19.2.3.tgz",
      "integrity": "sha512-yYVMT7CceKqE+fBXxkhkAqEQUEdY/BHtLQr1vP9rEnAf30vwKghDEresugfegY6Ch4IGKTBtDG/QGmxWszgUAQ==",
      "peer": true,
      "dependencies": {
        "tslib": "^2.3.0"
      },
      "engines": {
        "node": "^18.19.1 || ^20.11.1 || >=22.0.0"
      },
      "peerDependencies": {
        "@angular/common": "19.2.3",
        "@angular/core": "19.2.3",
        "@angular/platform-browser": "19.2.3",
        "rxjs": "^6.5.3 || ^7.4.0"
      }
    },
    "node_modules/@primeuix/styled": {
      "version": "0.3.2",
      "resolved": "https://registry.npmjs.org/@primeuix/styled/-/styled-0.3.2.tgz",
      "integrity": "sha512-ColZes0+/WKqH4ob2x8DyNYf1NENpe5ZguOvx5yCLxaP8EIMVhLjWLO/3umJiDnQU4XXMLkn2mMHHw+fhTX/mw==",
      "dependencies": {
        "@primeuix/utils": "^0.3.2"
      },
      "engines": {
        "node": ">=12.11.0"
      }
    },
    "node_modules/@primeuix/utils": {
      "version": "0.3.2",
      "resolved": "https://registry.npmjs.org/@primeuix/utils/-/utils-0.3.2.tgz",
      "integrity": "sha512-B+nphqTQeq+i6JuICLdVWnDMjONome2sNz0xI65qIOyeB4EF12CoKRiCsxuZ5uKAkHi/0d1LqlQ9mIWRSdkavw==",
      "engines": {
        "node": ">=12.11.0"
      }
    },
    "node_modules/entities": {
      "version": "4.5.0",
      "resolved": "https://registry.npmjs.org/entities/-/entities-4.5.0.tgz",
      "integrity": "sha512-V0hjH4dGPh9Ao5p0MoRY6BVqtwCjhz6vI5LT8AJ55H+4g9/4vbHx1I54fS0XuclLhDHArPQCiMjDxjaL8fPxhw==",
      "peer": true,
      "engines": {
        "node": ">=0.12"
      },
      "funding": {
        "url": "https://github.com/fb55/entities?sponsor=1"
      }
    },
    "node_modules/parse5": {
      "version": "7.2.1",
      "resolved": "https://registry.npmjs.org/parse5/-/parse5-7.2.1.tgz",
      "integrity": "sha512-BuBYQYlv1ckiPdQi/ohiivi9Sagc9JG+Ozs0r7b/0iK3sKmrb0b9FdWdBbOdx6hBCM/F9Ir82ofnBhtZOjCRPQ==",
      "peer": true,
      "dependencies": {
        "entities": "^4.5.0"
      },
      "funding": {
        "url": "https://github.com/inikulin/parse5?sponsor=1"
      }
    },
    "node_modules/primeicons": {
      "version": "7.0.0",
      "resolved": "https://registry.npmjs.org/primeicons/-/primeicons-7.0.0.tgz",
      "integrity": "sha512-jK3Et9UzwzTsd6tzl2RmwrVY/b8raJ3QZLzoDACj+oTJ0oX7L9Hy+XnVwgo4QVKlKpnP/Ur13SXV/pVh4LzaDw=="
    },
    "node_modules/primeng": {
      "version": "19.0.10",
      "resolved": "https://registry.npmjs.org/primeng/-/primeng-19.0.10.tgz",
      "integrity": "sha512-pVvywU6WoDtS6cwyGm5wyHp/RPqsqtTL3Z6eNgwsP7wMRpNYxVQB2W5ewF64byP8bqFqRQMWY2ZPj0lDeTQ/sA==",
      "dependencies": {
        "@primeuix/styled": "^0.3.2",
        "@primeuix/utils": "^0.3.2",
        "tslib": "^2.3.0"
      },
      "peerDependencies": {
        "@angular/animations": "^19.0.0",
        "@angular/cdk": "^19.0.0",
        "@angular/common": "^19.0.0",
        "@angular/core": "^19.0.0",
        "@angular/forms": "^19.0.0",
        "@angular/platform-browser": "^19.0.0",
        "@angular/router": "^19.0.0",
        "rxjs": "^6.0.0 || ^7.8.1"
      }
    },
    "node_modules/rxjs": {
      "version": "7.8.2",
      "resolved": "https://registry.npmjs.org/rxjs/-/rxjs-7.8.2.tgz",
      "integrity": "sha512-dhKf903U/PQZY6boNNtAGdWbG85WAbjT/1xYoZIC7FAY0yWapOBQVsVrDl58W86//e1VpMNBtRV4MaXfdMySFA==",
      "peer": true,
      "dependencies": {
        "tslib": "^2.1.0"
      }
    },
    "node_modules/tslib": {
      "version": "2.8.1",
      "resolved": "https://registry.npmjs.org/tslib/-/tslib-2.8.1.tgz",
      "integrity": "sha512-oJFu94HQb+KVduSUQL7wnpmqnfmLsOA/nAh6b6EH0wCEoK0/mPeXU6c3wKDV83MkOuHPRHtSXKKU99IBazS/2w=="
    },
    "node_modules/zone.js": {
      "version": "0.15.0",
      "resolved": "https://registry.npmjs.org/zone.js/-/zone.js-0.15.0.tgz",
      "integrity": "sha512-9oxn0IIjbCZkJ67L+LkhYWRyAy7axphb3VgE2MBDlOqnmHMPWGYMxJxBYFueFq/JGY2GMwS0rU+UCLunEmy5UA==",
      "peer": true
    }
  }
}
